
Microsoft Visual Studio Solution File, Format Version 12.00
# Visual Studio Version 17
VisualStudioVersion = 17.3.32819.101
MinimumVisualStudioVersion = 10.0.40219.1
Project("{888888A0-9F3D-457C-B088-3A5042F75D52}") = "питоон", "питоон\питоон.pyproj", "{EB236247-AB2A-4BA7-8457-11C8C5577377}"
EndProject
Global
	GlobalSection(SolutionConfigurationPlatforms) = preSolution
		Debug|Any CPU = Debug|Any CPU
		Release|Any CPU = Release|Any CPU
	EndGlobalSection
	GlobalSection(ProjectConfigurationPlatforms) = postSolution
		{EB236247-AB2A-4BA7-8457-11C8C5577377}.Debug|Any CPU.ActiveCfg = Debug|Any CPU
		{EB236247-AB2A-4BA7-8457-11C8C5577377}.Release|Any CPU.ActiveCfg = Release|Any CPU
	EndGlobalSection
	GlobalSection(SolutionProperties) = preSolution
		HideSolutionNode = FALSE
	EndGlobalSection
	GlobalSection(ExtensibilityGlobals) = postSolution
		SolutionGuid = {E25815F1-923B-43AF-ADCB-D5A26BEAF2A8}
	EndGlobalSection
EndGlobal
